// !$*UTF8*$!
{
	archiveVersion = 1;
	classes = {
	};
	objectVersion = 46;
	objects = {

/* Begin PBXBuildFile section */
		E7C2F6D61B722908002C28EA /* main.m in Sources */ = {isa = PBXBuildFile; fileRef = E7C2F6D51B722908002C28EA /* main.m */; };
		E7C2F6D91B722908002C28EA /* AppDelegate.m in Sources */ = {isa = PBXBuildFile; fileRef = E7C2F6D81B722908002C28EA /* AppDelegate.m */; };
		E7C2F6DC1B722908002C28EA /* ViewController.m in Sources */ = {isa = PBXBuildFile; fileRef = E7C2F6DB1B722908002C28EA /* ViewController.m */; };
		E7C2F6DF1B722908002C28EA /* Main.storyboard in Resources */ = {isa = PBXBuildFile; fileRef = E7C2F6DD1B722908002C28EA /* Main.storyboard */; };
		E7C2F6E11B722908002C28EA /* Images.xcassets in Resources */ = {isa = PBXBuildFile; fileRef = E7C2F6E01B722908002C28EA /* Images.xcassets */; };
		E7C2F6E41B722908002C28EA /* LaunchScreen.xib in Resources */ = {isa = PBXBuildFile; fileRef = E7C2F6E21B722908002C28EA /* LaunchScreen.xib */; };
		E7C2F6F01B722908002C28EA /* BaiduMapKitTestTests.m in Sources */ = {isa = PBXBuildFile; fileRef = E7C2F6EF1B722908002C28EA /* BaiduMapKitTestTests.m */; };
/* End PBXBuildFile section */

/* Begin PBXContainerItemProxy section */
		E7C2F6EA1B722908002C28EA /* PBXContainerItemProxy */ = {
			isa = PBXContainerItemProxy;
			containerPortal = E7C2F6C81B722908002C28EA /* Project object */;
			proxyType = 1;
			remoteGlobalIDString = E7C2F6CF1B722908002C28EA;
			remoteInfo = BaiduMapKitTest;
		};
/* End PBXContainerItemProxy section */

/* Begin PBXFileReference section */
		E7C2F6D01B722908002C28EA /* BaiduMapKitTest.app */ = {isa = PBXFileReference; explicitFileType = wrapper.application; includeInIndex = 0; path = BaiduMapKitTest.app; sourceTree = BUILT_PRODUCTS_DIR; };
		E7C2F6D41B722908002C28EA /* Info.plist */ = {isa = PBXFileReference; lastKnownFileType = text.plist.xml; path = Info.plist; sourceTree = "<group>"; };
		E7C2F6D51B722908002C28EA /* main.m */ = {isa = PBXFileReference; lastKnownFileType = sourcecode.c.objc; path = main.m; sourceTree = "<group>"; };
		E7C2F6D71B722908002C28EA /* AppDelegate.h */ = {isa = PBXFileReference; lastKnownFileType = sourcecode.c.h; path = AppDelegate.h; sourceTree = "<group>"; };
		E7C2F6D81B722908002C28EA /* AppDelegate.m */ = {isa = PBXFileReference; lastKnownFileType = sourcecode.c.objc; path = AppDelegate.m; sourceTree = "<group>"; };
		E7C2F6DA1B722908002C28EA /* ViewController.h */ = {isa = PBXFileReference; lastKnownFileType = sourcecode.c.h; path = ViewController.h; sourceTree = "<group>"; };
		E7C2F6DB1B722908002C28EA /* ViewController.m */ = {isa = PBXFileReference; lastKnownFileType = sourcecode.c.objc; path = ViewController.m; sourceTree = "<group>"; };
		E7C2F6DE1B722908002C28EA /* Base */ = {isa = PBXFileReference; lastKnownFileType = file.storyboard; name = Base; path = Base.lproj/Main.storyboard; sourceTree = "<group>"; };
		E7C2F6E01B722908002C28EA /* Images.xcassets */ = {isa = PBXFileReference; lastKnownFileType = folder.assetcatalog; path = Images.xcassets; sourceTree = "<group>"; };
		E7C2F6E31B722908002C28EA /* Base */ = {isa = PBXFileReference; lastKnownFileType = file.xib; name = Base; path = Base.lproj/LaunchScreen.xib; sourceTree = "<group>"; };
		E7C2F6E91B722908002C28EA /* BaiduMapKitTestTests.xctest */ = {isa = PBXFileReference; explicitFileType = wrapper.cfbundle; includeInIndex = 0; path = BaiduMapKitTestTests.xctest; sourceTree = BUILT_PRODUCTS_DIR; };
		E7C2F6EE1B722908002C28EA /* Info.plist */ = {isa = PBXFileReference; lastKnownFileType = text.plist.xml; path = Info.plist; sourceTree = "<group>"; };
		E7C2F6EF1B722908002C28EA /* BaiduMapKitTestTests.m */ = {isa = PBXFileReference; lastKnownFileType = sourcecode.c.objc; path = BaiduMapKitTestTests.m; sourceTree = "<group>"; };
/* End PBXFileReference section */

/* Begin PBXFrameworksBuildPhase section */
		E7C2F6CD1B722908002C28EA /* Frameworks */ = {
			isa = PBXFrameworksBuildPhase;
			buildActionMask = 2147483647;
			files = (
			);
			runOnlyForDeploymentPostprocessing = 0;
		};
		E7C2F6E61B722908002C28EA /* Frameworks */ = {
			isa = PBXFrameworksBuildPhase;
			buildActionMask = 2147483647;
			files = (
			);
			runOnlyForDeploymentPostprocessing = 0;
		};
/* End PBXFrameworksBuildPhase section */

/* Begin PBXGroup section */
		E7C2F6C71B722908002C28EA = {
			isa = PBXGroup;
			children = (
				E7C2F6D21B722908002C28EA /* BaiduMapKitTest */,
				E7C2F6EC1B722908002C28EA /* BaiduMapKitTestTests */,
				E7C2F6D11B722908002C28EA /* Products */,
			);
			sourceTree = "<group>";
		};
		E7C2F6D11B722908002C28EA /* Products */ = {
			isa = PBXGroup;
			children = (
				E7C2F6D01B722908002C28EA /* BaiduMapKitTest.app */,
				E7C2F6E91B722908002C28EA /* BaiduMapKitTestTests.xctest */,
			);
			name = Products;
			sourceTree = "<group>";
		};
		E7C2F6D21B722908002C28EA /* BaiduMapKitTest */ = {
			isa = PBXGroup;
			children = (
				E7C2F6D71B722908002C28EA /* AppDelegate.h */,
				E7C2F6D81B722908002C28EA /* AppDelegate.m */,
				E7C2F6DA1B722908002C28EA /* ViewController.h */,
				E7C2F6DB1B722908002C28EA /* ViewController.m */,
				E7C2F6DD1B722908002C28EA /* Main.storyboard */,
				E7C2F6E01B722908002C28EA /* Images.xcassets */,
				E7C2F6E21B722908002C28EA /* LaunchScreen.xib */,
				E7C2F6D31B722908002C28EA /* Supporting Files */,
			);
			path = BaiduMapKitTest;
			sourceTree = "<group>";
		};
		E7C2F6D31B722908002C28EA /* Supporting Files */ = {
			isa = PBXGroup;
			children = (
				E7C2F6D41B722908002C28EA /* Info.plist */,
				E7C2F6D51B722908002C28EA /* main.m */,
			);
			name = "Supporting Files";
			sourceTree = "<group>";
		};
		E7C2F6EC1B722908002C28EA /* BaiduMapKitTestTests */ = {
			isa = PBXGroup;
			children = (
				E7C2F6EF1B722908002C28EA /* BaiduMapKitTestTests.m */,
				E7C2F6ED1B722908002C28EA /* Supporting Files */,
			);
			path = BaiduMapKitTestTests;
			sourceTree = "<group>";
		};
		E7C2F6ED1B722908002C28EA /* Supporting Files */ = {
			isa = PBXGroup;
			children = (
				E7C2F6EE1B722908002C28EA /* Info.plist */,
			);
			name = "Supporting Files";
			sourceTree = "<group>";
		};
/* End PBXGroup section */

/* Begin PBXNativeTarget section */
		E7C2F6CF1B722908002C28EA /* BaiduMapKitTest */ = {
			isa = PBXNativeTarget;
			buildConfigurationList = E7C2F6F31B722908002C28EA /* Build configuration list for PBXNativeTarget "BaiduMapKitTest" */;
			buildPhases = (
				E7C2F6CC1B722908002C28EA /* Sources */,
				E7C2F6CD1B722908002C28EA /* Frameworks */,
				E7C2F6CE1B722908002C28EA /* Resources */,
			);
			buildRules = (
			);
			dependencies = (
			);
			name = BaiduMapKitTest;
			productName = BaiduMapKitTest;
			productReference = E7C2F6D01B722908002C28EA /* BaiduMapKitTest.app */;
			productType = "com.apple.product-type.application";
		};
		E7C2F6E81B722908002C28EA /* BaiduMapKitTestTests */ = {
			isa = PBXNativeTarget;
			buildConfigurationList = E7C2F6F61B722908002C28EA /* Build configuration list for PBXNativeTarget "BaiduMapKitTestTests" */;
			buildPhases = (
				E7C2F6E51B722908002C28EA /* Sources */,
				E7C2F6E61B722908002C28EA /* Frameworks */,
				E7C2F6E71B722908002C28EA /* Resources */,
			);
			buildRules = (
			);
			dependencies = (
				E7C2F6EB1B722908002C28EA /* PBXTargetDependency */,
			);
			name = BaiduMapKitTestTests;
			productName = BaiduMapKitTestTests;
			productReference = E7C2F6E91B722908002C28EA /* BaiduMapKitTestTests.xctest */;
			productType = "com.apple.product-type.bundle.unit-test";
		};
/* End PBXNativeTarget section */

/* Begin PBXProject section */
		E7C2F6C81B722908002C28EA /* Project object */ = {
			isa = PBXProject;
			attributes = {
				LastUpgradeCheck = 0630;
				ORGANIZATIONNAME = "罗骏彬";
				TargetAttributes = {
					E7C2F6CF1B722908002C28EA = {
						CreatedOnToolsVersion = 6.3.2;
					};
					E7C2F6E81B722908002C28EA = {
						CreatedOnToolsVersion = 6.3.2;
						TestTargetID = E7C2F6CF1B722908002C28EA;
					};
				};
			};
			buildConfigurationList = E7C2F6CB1B722908002C28EA /* Build configuration list for PBXProject "BaiduMapKitTest" */;
			compatibilityVersion = "Xcode 3.2";
			developmentRegion = English;
			hasScannedForEncodings = 0;
			knownRegions = (
				en,
				Base,
			);
			mainGroup = E7C2F6C71B722908002C28EA;
			productRefGroup = E7C2F6D11B722908002C28EA /* Products */;
			projectDirPath = "";
			projectRoot = "";
			targets = (
				E7C2F6CF1B722908002C28EA /* BaiduMapKitTest */,
				E7C2F6E81B722908002C28EA /* BaiduMapKitTestTests */,
			);
		};
/* End PBXProject section */

/* Begin PBXResourcesBuildPhase section */
		E7C2F6CE1B722908002C28EA /* Resources */ = {
			isa = PBXResourcesBuildPhase;
			buildActionMask = 2147483647;
			files = (
				E7C2F6DF1B722908002C28EA /* Main.storyboard in Resources */,
				E7C2F6E41B722908002C28EA /* LaunchScreen.xib in Resources */,
				E7C2F6E11B722908002C28EA /* Images.xcassets in Resources */,
			);
			runOnlyForDeploymentPostprocessing = 0;
		};
		E7C2F6E71B722908002C28EA /* Resources */ = {
			isa = PBXResourcesBuildPhase;
			buildActionMask = 2147483647;
			files = (
			);
			runOnlyForDeploymentPostprocessing = 0;
		};
/* End PBXResourcesBuildPhase section */

/* Begin PBXSourcesBuildPhase section */
		E7C2F6CC1B722908002C28EA /* Sources */ = {
			isa = PBXSourcesBuildPhase;
			buildActionMask = 2147483647;
			files = (
				E7C2F6DC1B722908002C28EA /* ViewController.m in Sources */,
				E7C2F6D91B722908002C28EA /* AppDelegate.m in Sources */,
				E7C2F6D61B722908002C28EA /* main.m in Sources */,
			);
			runOnlyForDeploymentPostprocessing = 0;
		};
		E7C2F6E51B722908002C28EA /* Sources */ = {
			isa = PBXSourcesBuildPhase;
			buildActionMask = 2147483647;
			files = (
				E7C2F6F01B722908002C28EA /* BaiduMapKitTestTests.m in Sources */,
			);
			runOnlyForDeploymentPostprocessing = 0;
		};
/* End PBXSourcesBuildPhase section */

/* Begin PBXTargetDependency section */
		E7C2F6EB1B722908002C28EA /* PBXTargetDependency */ = {
			isa = PBXTargetDependency;
			target = E7C2F6CF1B722908002C28EA /* BaiduMapKitTest */;
			targetProxy = E7C2F6EA1B722908002C28EA /* PBXContainerItemProxy */;
		};
/* End PBXTargetDependency section */

/* Begin PBXVariantGroup section */
		E7C2F6DD1B722908002C28EA /* Main.storyboard */ = {
			isa = PBXVariantGroup;
			children = (
				E7C2F6DE1B722908002C28EA /* Base */,
			);
			name = Main.storyboard;
			sourceTree = "<group>";
		};
		E7C2F6E21B722908002C28EA /* LaunchScreen.xib */ = {
			isa = PBXVariantGroup;
			children = (
				E7C2F6E31B722908002C28EA /* Base */,
			);
			name = LaunchScreen.xib;
			sourceTree = "<group>";
		};
/* End PBXVariantGroup section */

/* Begin XCBuildConfiguration section */
		E7C2F6F11B722908002C28EA /* Debug */ = {
			isa = XCBuildConfiguration;
			buildSettings = {
				ALWAYS_SEARCH_USER_PATHS = NO;
				CLANG_CXX_LANGUAGE_STANDARD = "gnu++0x";
				CLANG_CXX_LIBRARY = "libc++";
				CLANG_ENABLE_MODULES = YES;
				CLANG_ENABLE_OBJC_ARC = YES;
				CLANG_WARN_BOOL_CONVERSION = YES;
				CLANG_WARN_CONSTANT_CONVERSION = YES;
				CLANG_WARN_DIRECT_OBJC_ISA_USAGE = YES_ERROR;
				CLANG_WARN_EMPTY_BODY = YES;
				CLANG_WARN_ENUM_CONVERSION = YES;
				CLANG_WARN_INT_CONVERSION = YES;
				CLANG_WARN_OBJC_ROOT_CLASS = YES_ERROR;
				CLANG_WARN_UNREACHABLE_CODE = YES;
				CLANG_WARN__DUPLICATE_METHOD_MATCH = YES;
				"CODE_SIGN_IDENTITY[sdk=iphoneos*]" = "iPhone Developer";
				COPY_PHASE_STRIP = NO;
				DEBUG_INFORMATION_FORMAT = "dwarf-with-dsym";
				ENABLE_STRICT_OBJC_MSGSEND = YES;
				GCC_C_LANGUAGE_STANDARD = gnu99;
				GCC_DYNAMIC_NO_PIC = NO;
				GCC_NO_COMMON_BLOCKS = YES;
				GCC_OPTIMIZATION_LEVEL = 0;
				GCC_PREPROCESSOR_DEFINITIONS = (
					"DEBUG=1",
					"$(inherited)",
				);
				GCC_SYMBOLS_PRIVATE_EXTERN = NO;
				GCC_WARN_64_TO_32_BIT_CONVERSION = YES;
				GCC_WARN_ABOUT_RETURN_TYPE = YES_ERROR;
				GCC_WARN_UNDECLARED_SELECTOR = YES;
				GCC_WARN_UNINITIALIZED_AUTOS = YES_AGGRESSIVE;
				GCC_WARN_UNUSED_FUNCTION = YES;
				GCC_WARN_UNUSED_VARIABLE = YES;
				IPHONEOS_DEPLOYMENT_TARGET = 8.3;
				MTL_ENABLE_DEBUG_INFO = YES;
				ONLY_ACTIVE_ARCH = YES;
				SDKROOT = iphoneos;
				TARGETED_DEVICE_FAMILY = "1,2";
			};
			name = Debug;
		};
		E7C2F6F21B722908002C28EA /* Release */ = {
			isa = XCBuildConfiguration;
			buildSettings = {
				ALWAYS_SEARCH_USER_PATHS = NO;
				CLANG_CXX_LANGUAGE_STANDARD = "gnu++0x";
				CLANG_CXX_LIBRARY = "libc++";
				CLANG_ENABLE_MODULES = YES;
				CLANG_ENABLE_OBJC_ARC = YES;
				CLANG_WARN_BOOL_CONVERSION = YES;
				CLANG_WARN_CONSTANT_CONVERSION = YES;
				CLANG_WARN_DIRECT_OBJC_ISA_USAGE = YES_ERROR;
				CLANG_WARN_EMPTY_BODY = YES;
				CLANG_WARN_ENUM_CONVERSION = YES;
				CLANG_WARN_INT_CONVERSION = YES;
				CLANG_WARN_OBJC_ROOT_CLASS = YES_ERROR;
				CLANG_WARN_UNREACHABLE_CODE = YES;
				CLANG_WARN__DUPLICATE_METHOD_MATCH = YES;
				"CODE_SIGN_IDENTITY[sdk=iphoneos*]" = "iPhone Developer";
				COPY_PHASE_STRIP = NO;
				DEBUG_INFORMATION_FORMAT = "dwarf-with-dsym";
				ENABLE_NS_ASSERTIONS = NO;
				ENABLE_STRICT_OBJC_MSGSEND = YES;
				GCC_C_LANGUAGE_STANDARD = gnu99;
				GCC_NO_COMMON_BLOCKS = YES;
				GCC_WARN_64_TO_32_BIT_CONVERSION = YES;
				GCC_WARN_ABOUT_RETURN_TYPE = YES_ERROR;
				GCC_WARN_UNDECLARED_SELECTOR = YES;
				GCC_WARN_UNINITIALIZED_AUTOS = YES_AGGRESSIVE;
				GCC_WARN_UNUSED_FUNCTION = YES;
				GCC_WARN_UNUSED_VARIABLE = YES;
				IPHONEOS_DEPLOYMENT_TARGET = 8.3;
				MTL_ENABLE_DEBUG_INFO = NO;
				SDKROOT = iphoneos;
				TARGETED_DEVICE_FAMILY = "1,2";
				VALIDATE_PRODUCT = YES;
			};
			name = Release;
		};
		E7C2F6F41B722908002C28EA /* Debug */ = {
			isa = XCBuildConfiguration;
			buildSettings = {
				ASSETCATALOG_COMPILER_APPICON_NAME = AppIcon;
				INFOPLIST_FILE = BaiduMapKitTest/Info.plist;
				LD_RUNPATH_SEARCH_PATHS = "$(inherited) @executable_path/Frameworks";
				PRODUCT_NAME = "$(TARGET_NAME)";
			};
			name = Debug;
		};
		E7C2F6F51B722908002C28EA /* Release */ = {
			isa = XCBuildConfiguration;
			buildSettings = {
				ASSETCATALOG_COMPILER_APPICON_NAME = AppIcon;
				INFOPLIST_FILE = BaiduMapKitTest/Info.plist;
				LD_RUNPATH_SEARCH_PATHS = "$(inherited) @executable_path/Frameworks";
				PRODUCT_NAME = "$(TARGET_NAME)";
			};
			name = Release;
		};
		E7C2F6F71B722908002C28EA /* Debug */ = {
			isa = XCBuildConfiguration;
			buildSettings = {
				BUNDLE_LOADER = "$(TEST_HOST)";
				FRAMEWORK_SEARCH_PATHS = (
					"$(SDKROOT)/Developer/Library/Frameworks",
					"$(inherited)",
				);
				GCC_PREPROCESSOR_DEFINITIONS = (
					"DEBUG=1",
					"$(inherited)",
				);
				INFOPLIST_FILE = BaiduMapKitTestTests/Info.plist;
				LD_RUNPATH_SEARCH_PATHS = "$(inherited) @executable_path/Frameworks @loader_path/Frameworks";
				PRODUCT_NAME = "$(TARGET_NAME)";
				TEST_HOST = "$(BUILT_PRODUCTS_DIR)/BaiduMapKitTest.app/BaiduMapKitTest";
			};
			name = Debug;
		};
		E7C2F6F81B722908002C28EA /* Release */ = {
			isa = XCBuildConfiguration;
			buildSettings = {
				BUNDLE_LOADER = "$(TEST_HOST)";
				FRAMEWORK_SEARCH_PATHS = (
					"$(SDKROOT)/Developer/Library/Frameworks",
					"$(inherited)",
				);
				INFOPLIST_FILE = BaiduMapKitTestTests/Info.plist;
				LD_RUNPATH_SEARCH_PATHS = "$(inherited) @executable_path/Frameworks @loader_path/Frameworks";
				PRODUCT_NAME = "$(TARGET_NAME)";
				TEST_HOST = "$(BUILT_PRODUCTS_DIR)/BaiduMapKitTest.app/BaiduMapKitTest";
			};
			name = Release;
		};
/* End XCBuildConfiguration section */

/* Begin XCConfigurationList section */
		E7C2F6CB1B722908002C28EA /* Build configuration list for PBXProject "BaiduMapKitTest" */ = {
			isa = XCConfigurationList;
			buildConfigurations = (
				E7C2F6F11B722908002C28EA /* Debug */,
				E7C2F6F21B722908002C28EA /* Release */,
			);
			defaultConfigurationIsVisible = 0;
			defaultConfigurationName = Release;
		};
		E7C2F6F31B722908002C28EA /* Build configuration list for PBXNativeTarget "BaiduMapKitTest" */ = {
			isa = XCConfigurationList;
			buildConfigurations = (
				E7C2F6F41B722908002C28EA /* Debug */,
				E7C2F6F51B722908002C28EA /* Release */,
			);
			defaultConfigurationIsVisible = 0;
		};
		E7C2F6F61B722908002C28EA /* Build configuration list for PBXNativeTarget "BaiduMapKitTestTests" */ = {
			isa = XCConfigurationList;
			buildConfigurations = (
				E7C2F6F71B722908002C28EA /* Debug */,
				E7C2F6F81B722908002C28EA /* Release */,
			);
			defaultConfigurationIsVisible = 0;
		};
/* End XCConfigurationList section */
	};
	rootObject = E7C2F6C81B722908002C28EA /* Project object */;
}
